<Solution>
  <Folder Name="/Solution Items/">
    <File Path="docker-compose.yml" />
  </Folder>
  <Project Path="GLMS.API/GLMS.API.csproj" Id="097539a6-8a7c-48d3-bcd5-e914f61572e1" />
  <Project Path="GLMS.Tests/GLMS.Tests.csproj" Id="e677eeff-fa32-40a0-9337-b399e875178b" />
  <Project Path="GLMS/GLMS.csproj" />
</Solution>
